
Microsoft Visual Studio Solution File, Format Version 12.00
# Visual Studio Version 17
VisualStudioVersion = 17.7.34031.279
MinimumVisualStudioVersion = 10.0.40219.1
Project("{FAE04EC0-301F-11D3-BF4B-00C04F79EFBC}") = "Example", "Example\Example.csproj", "{128BD973-8DC7-4FBA-8329-971C089E0CED}"
EndProject
Global
	GlobalSection(SolutionConfigurationPlatforms) = preSolution
		Debug|Any CPU = Debug|Any CPU
		Release|Any CPU = Release|Any CPU
	EndGlobalSection
	GlobalSection(ProjectConfigurationPlatforms) = postSolution
		{128BD973-8DC7-4FBA-8329-971C089E0CED}.Debug|Any CPU.ActiveCfg = Debug|Any CPU
		{128BD973-8DC7-4FBA-8329-971C089E0CED}.Debug|Any CPU.Build.0 = Debug|Any CPU
		{128BD973-8DC7-4FBA-8329-971C089E0CED}.Release|Any CPU.ActiveCfg = Release|Any CPU
		{128BD973-8DC7-4FBA-8329-971C089E0CED}.Release|Any CPU.Build.0 = Release|Any CPU
	EndGlobalSection
	GlobalSection(SolutionProperties) = preSolution
		HideSolutionNode = FALSE
	EndGlobalSection
	GlobalSection(ExtensibilityGlobals) = postSolution
		SolutionGuid = {704111B9-4A9A-44B1-8922-43A72408E4FB}
	EndGlobalSection
EndGlobal
