
Microsoft Visual Studio Solution File, Format Version 12.00
# Visual Studio Version 17
VisualStudioVersion = 17.7.34031.279
MinimumVisualStudioVersion = 10.0.40219.1
Project("{FAE04EC0-301F-11D3-BF4B-00C04F79EFBC}") = "1", "1\1.csproj", "{541064A6-7707-45DA-A199-DFFA1ACCEB87}"
EndProject
Global
	GlobalSection(SolutionConfigurationPlatforms) = preSolution
		Debug|Any CPU = Debug|Any CPU
		Release|Any CPU = Release|Any CPU
	EndGlobalSection
	GlobalSection(ProjectConfigurationPlatforms) = postSolution
		{541064A6-7707-45DA-A199-DFFA1ACCEB87}.Debug|Any CPU.ActiveCfg = Debug|Any CPU
		{541064A6-7707-45DA-A199-DFFA1ACCEB87}.Debug|Any CPU.Build.0 = Debug|Any CPU
		{541064A6-7707-45DA-A199-DFFA1ACCEB87}.Release|Any CPU.ActiveCfg = Release|Any CPU
		{541064A6-7707-45DA-A199-DFFA1ACCEB87}.Release|Any CPU.Build.0 = Release|Any CPU
	EndGlobalSection
	GlobalSection(SolutionProperties) = preSolution
		HideSolutionNode = FALSE
	EndGlobalSection
	GlobalSection(ExtensibilityGlobals) = postSolution
		SolutionGuid = {2DACCB66-C750-4300-8607-68124A446365}
	EndGlobalSection
EndGlobal
